
Microsoft Visual Studio Solution File, Format Version 12.00
# Visual Studio Version 17
VisualStudioVersion = 17.8.34525.116
MinimumVisualStudioVersion = 10.0.40219.1
Project("{FAE04EC0-301F-11D3-BF4B-00C04F79EFBC}") = "Workspace", "Workspace\Workspace.csproj", "{6A7C412F-103B-4D88-AD6F-868D8BF8BF0C}"
EndProject
Project("{FAE04EC0-301F-11D3-BF4B-00C04F79EFBC}") = "Entities", "Entities\Entities.csproj", "{B853BB76-6540-475F-984F-AD6ED28C3C23}"
EndProject
Project("{FAE04EC0-301F-11D3-BF4B-00C04F79EFBC}") = "Business", "Business\Business.csproj", "{E2D9C0D8-ECF6-455C-8F11-25A23D10F6E2}"
EndProject
Global
	GlobalSection(SolutionConfigurationPlatforms) = preSolution
		Debug|Any CPU = Debug|Any CPU
		Release|Any CPU = Release|Any CPU
	EndGlobalSection
	GlobalSection(ProjectConfigurationPlatforms) = postSolution
		{6A7C412F-103B-4D88-AD6F-868D8BF8BF0C}.Debug|Any CPU.ActiveCfg = Debug|Any CPU
		{6A7C412F-103B-4D88-AD6F-868D8BF8BF0C}.Debug|Any CPU.Build.0 = Debug|Any CPU
		{6A7C412F-103B-4D88-AD6F-868D8BF8BF0C}.Release|Any CPU.ActiveCfg = Release|Any CPU
		{6A7C412F-103B-4D88-AD6F-868D8BF8BF0C}.Release|Any CPU.Build.0 = Release|Any CPU
		{B853BB76-6540-475F-984F-AD6ED28C3C23}.Debug|Any CPU.ActiveCfg = Debug|Any CPU
		{B853BB76-6540-475F-984F-AD6ED28C3C23}.Debug|Any CPU.Build.0 = Debug|Any CPU
		{B853BB76-6540-475F-984F-AD6ED28C3C23}.Release|Any CPU.ActiveCfg = Release|Any CPU
		{B853BB76-6540-475F-984F-AD6ED28C3C23}.Release|Any CPU.Build.0 = Release|Any CPU
		{E2D9C0D8-ECF6-455C-8F11-25A23D10F6E2}.Debug|Any CPU.ActiveCfg = Debug|Any CPU
		{E2D9C0D8-ECF6-455C-8F11-25A23D10F6E2}.Debug|Any CPU.Build.0 = Debug|Any CPU
		{E2D9C0D8-ECF6-455C-8F11-25A23D10F6E2}.Release|Any CPU.ActiveCfg = Release|Any CPU
		{E2D9C0D8-ECF6-455C-8F11-25A23D10F6E2}.Release|Any CPU.Build.0 = Release|Any CPU
	EndGlobalSection
	GlobalSection(SolutionProperties) = preSolution
		HideSolutionNode = FALSE
	EndGlobalSection
	GlobalSection(ExtensibilityGlobals) = postSolution
		SolutionGuid = {087F856D-2040-4D81-AC1F-7D69B7BE071D}
	EndGlobalSection
EndGlobal
